// !$*UTF8*$!
{
	archiveVersion = 1;
	classes = {
	};
	objectVersion = 46;
	objects = {

/* Begin PBXBuildFile section */
		AE4D62D01A275B4D00225079 /* main.cpp in Sources */ = {isa = PBXBuildFile; fileRef = AE4D62CF1A275B4D00225079 /* main.cpp */; };
		AE4D62D81A277B4A00225079 /* search.cpp in Sources */ = {isa = PBXBuildFile; fileRef = AE4D62D61A277B4A00225079 /* search.cpp */; };
/* End PBXBuildFile section */

/* Begin PBXCopyFilesBuildPhase section */
		AE4D62CA1A275B4D00225079 /* CopyFiles */ = {
			isa = PBXCopyFilesBuildPhase;
			buildActionMask = 2147483647;
			dstPath = /usr/share/man/man1/;
			dstSubfolderSpec = 0;
			files = (
			);
			runOnlyForDeploymentPostprocessing = 1;
		};
/* End PBXCopyFilesBuildPhase section */

/* Begin PBXFileReference section */
		AE4D62CC1A275B4D00225079 /* skil1_verklegt */ = {isa = PBXFileReference; explicitFileType = "compiled.mach-o.executable"; includeInIndex = 0; path = skil1_verklegt; sourceTree = BUILT_PRODUCTS_DIR; };
		AE4D62CF1A275B4D00225079 /* main.cpp */ = {isa = PBXFileReference; lastKnownFileType = sourcecode.cpp.cpp; path = main.cpp; sourceTree = "<group>"; };
		AE4D62D61A277B4A00225079 /* search.cpp */ = {isa = PBXFileReference; fileEncoding = 4; lastKnownFileType = sourcecode.cpp.cpp; path = search.cpp; sourceTree = "<group>"; };
		AE4D62D71A277B4A00225079 /* search.h */ = {isa = PBXFileReference; fileEncoding = 4; lastKnownFileType = sourcecode.c.h; path = search.h; sourceTree = "<group>"; };
/* End PBXFileReference section */

/* Begin PBXFrameworksBuildPhase section */
		AE4D62C91A275B4D00225079 /* Frameworks */ = {
			isa = PBXFrameworksBuildPhase;
			buildActionMask = 2147483647;
			files = (
			);
			runOnlyForDeploymentPostprocessing = 0;
		};
/* End PBXFrameworksBuildPhase section */

/* Begin PBXGroup section */
		AE4D62C31A275B4D00225079 = {
			isa = PBXGroup;
			children = (
				AE4D62CE1A275B4D00225079 /* skil1_verklegt */,
				AE4D62CD1A275B4D00225079 /* Products */,
			);
			sourceTree = "<group>";
		};
		AE4D62CD1A275B4D00225079 /* Products */ = {
			isa = PBXGroup;
			children = (
				AE4D62CC1A275B4D00225079 /* skil1_verklegt */,
			);
			name = Products;
			sourceTree = "<group>";
		};
		AE4D62CE1A275B4D00225079 /* skil1_verklegt */ = {
			isa = PBXGroup;
			children = (
				AE4D62CF1A275B4D00225079 /* main.cpp */,
				AE4D62D61A277B4A00225079 /* search.cpp */,
				AE4D62D71A277B4A00225079 /* search.h */,
			);
			path = skil1_verklegt;
			sourceTree = "<group>";
		};
/* End PBXGroup section */

/* Begin PBXNativeTarget section */
		AE4D62CB1A275B4D00225079 /* skil1_verklegt */ = {
			isa = PBXNativeTarget;
			buildConfigurationList = AE4D62D31A275B4D00225079 /* Build configuration list for PBXNativeTarget "skil1_verklegt" */;
			buildPhases = (
				AE4D62C81A275B4D00225079 /* Sources */,
				AE4D62C91A275B4D00225079 /* Frameworks */,
				AE4D62CA1A275B4D00225079 /* CopyFiles */,
			);
			buildRules = (
			);
			dependencies = (
			);
			name = skil1_verklegt;
			productName = skil1_verklegt;
			productReference = AE4D62CC1A275B4D00225079 /* skil1_verklegt */;
			productType = "com.apple.product-type.tool";
		};
/* End PBXNativeTarget section */

/* Begin PBXProject section */
		AE4D62C41A275B4D00225079 /* Project object */ = {
			isa = PBXProject;
			attributes = {
				LastUpgradeCheck = 0610;
				ORGANIZATIONNAME = "Steinn Elliði Pétursson";
				TargetAttributes = {
					AE4D62CB1A275B4D00225079 = {
						CreatedOnToolsVersion = 6.1;
					};
				};
			};
			buildConfigurationList = AE4D62C71A275B4D00225079 /* Build configuration list for PBXProject "skil1_verklegt" */;
			compatibilityVersion = "Xcode 3.2";
			developmentRegion = English;
			hasScannedForEncodings = 0;
			knownRegions = (
				en,
			);
			mainGroup = AE4D62C31A275B4D00225079;
			productRefGroup = AE4D62CD1A275B4D00225079 /* Products */;
			projectDirPath = "";
			projectRoot = "";
			targets = (
				AE4D62CB1A275B4D00225079 /* skil1_verklegt */,
			);
		};
/* End PBXProject section */

/* Begin PBXSourcesBuildPhase section */
		AE4D62C81A275B4D00225079 /* Sources */ = {
			isa = PBXSourcesBuildPhase;
			buildActionMask = 2147483647;
			files = (
				AE4D62D01A275B4D00225079 /* main.cpp in Sources */,
				AE4D62D81A277B4A00225079 /* search.cpp in Sources */,
			);
			runOnlyForDeploymentPostprocessing = 0;
		};
/* End PBXSourcesBuildPhase section */

/* Begin XCBuildConfiguration section */
		AE4D62D11A275B4D00225079 /* Debug */ = {
			isa = XCBuildConfiguration;
			buildSettings = {
				ALWAYS_SEARCH_USER_PATHS = NO;
				CLANG_CXX_LANGUAGE_STANDARD = "gnu++0x";
				CLANG_CXX_LIBRARY = "libc++";
				CLANG_ENABLE_MODULES = YES;
				CLANG_ENABLE_OBJC_ARC = YES;
				CLANG_WARN_BOOL_CONVERSION = YES;
				CLANG_WARN_CONSTANT_CONVERSION = YES;
				CLANG_WARN_DIRECT_OBJC_ISA_USAGE = YES_ERROR;
				CLANG_WARN_EMPTY_BODY = YES;
				CLANG_WARN_ENUM_CONVERSION = YES;
				CLANG_WARN_INT_CONVERSION = YES;
				CLANG_WARN_OBJC_ROOT_CLASS = YES_ERROR;
				CLANG_WARN_UNREACHABLE_CODE = YES;
				CLANG_WARN__DUPLICATE_METHOD_MATCH = YES;
				COPY_PHASE_STRIP = NO;
				ENABLE_STRICT_OBJC_MSGSEND = YES;
				GCC_C_LANGUAGE_STANDARD = gnu99;
				GCC_DYNAMIC_NO_PIC = NO;
				GCC_OPTIMIZATION_LEVEL = 0;
				GCC_PREPROCESSOR_DEFINITIONS = (
					"DEBUG=1",
					"$(inherited)",
				);
				GCC_SYMBOLS_PRIVATE_EXTERN = NO;
				GCC_WARN_64_TO_32_BIT_CONVERSION = YES;
				GCC_WARN_ABOUT_RETURN_TYPE = YES_ERROR;
				GCC_WARN_UNDECLARED_SELECTOR = YES;
				GCC_WARN_UNINITIALIZED_AUTOS = YES_AGGRESSIVE;
				GCC_WARN_UNUSED_FUNCTION = YES;
				GCC_WARN_UNUSED_VARIABLE = YES;
				MACOSX_DEPLOYMENT_TARGET = 10.9;
				MTL_ENABLE_DEBUG_INFO = YES;
				ONLY_ACTIVE_ARCH = YES;
				SDKROOT = macosx;
			};
			name = Debug;
		};
		AE4D62D21A275B4D00225079 /* Release */ = {
			isa = XCBuildConfiguration;
			buildSettings = {
				ALWAYS_SEARCH_USER_PATHS = NO;
				CLANG_CXX_LANGUAGE_STANDARD = "gnu++0x";
				CLANG_CXX_LIBRARY = "libc++";
				CLANG_ENABLE_MODULES = YES;
				CLANG_ENABLE_OBJC_ARC = YES;
				CLANG_WARN_BOOL_CONVERSION = YES;
				CLANG_WARN_CONSTANT_CONVERSION = YES;
				CLANG_WARN_DIRECT_OBJC_ISA_USAGE = YES_ERROR;
				CLANG_WARN_EMPTY_BODY = YES;
				CLANG_WARN_ENUM_CONVERSION = YES;
				CLANG_WARN_INT_CONVERSION = YES;
				CLANG_WARN_OBJC_ROOT_CLASS = YES_ERROR;
				CLANG_WARN_UNREACHABLE_CODE = YES;
				CLANG_WARN__DUPLICATE_METHOD_MATCH = YES;
				COPY_PHASE_STRIP = YES;
				DEBUG_INFORMATION_FORMAT = "dwarf-with-dsym";
				ENABLE_NS_ASSERTIONS = NO;
				ENABLE_STRICT_OBJC_MSGSEND = YES;
				GCC_C_LANGUAGE_STANDARD = gnu99;
				GCC_WARN_64_TO_32_BIT_CONVERSION = YES;
				GCC_WARN_ABOUT_RETURN_TYPE = YES_ERROR;
				GCC_WARN_UNDECLARED_SELECTOR = YES;
				GCC_WARN_UNINITIALIZED_AUTOS = YES_AGGRESSIVE;
				GCC_WARN_UNUSED_FUNCTION = YES;
				GCC_WARN_UNUSED_VARIABLE = YES;
				MACOSX_DEPLOYMENT_TARGET = 10.9;
				MTL_ENABLE_DEBUG_INFO = NO;
				SDKROOT = macosx;
			};
			name = Release;
		};
		AE4D62D41A275B4D00225079 /* Debug */ = {
			isa = XCBuildConfiguration;
			buildSettings = {
				PRODUCT_NAME = "$(TARGET_NAME)";
			};
			name = Debug;
		};
		AE4D62D51A275B4D00225079 /* Release */ = {
			isa = XCBuildConfiguration;
			buildSettings = {
				PRODUCT_NAME = "$(TARGET_NAME)";
			};
			name = Release;
		};
/* End XCBuildConfiguration section */

/* Begin XCConfigurationList section */
		AE4D62C71A275B4D00225079 /* Build configuration list for PBXProject "skil1_verklegt" */ = {
			isa = XCConfigurationList;
			buildConfigurations = (
				AE4D62D11A275B4D00225079 /* Debug */,
				AE4D62D21A275B4D00225079 /* Release */,
			);
			defaultConfigurationIsVisible = 0;
			defaultConfigurationName = Release;
		};
		AE4D62D31A275B4D00225079 /* Build configuration list for PBXNativeTarget "skil1_verklegt" */ = {
			isa = XCConfigurationList;
			buildConfigurations = (
				AE4D62D41A275B4D00225079 /* Debug */,
				AE4D62D51A275B4D00225079 /* Release */,
			);
			defaultConfigurationIsVisible = 0;
		};
/* End XCConfigurationList section */
	};
	rootObject = AE4D62C41A275B4D00225079 /* Project object */;
}
